
Microsoft Visual Studio Solution File, Format Version 12.00
# Visual Studio Version 17
VisualStudioVersion = 17.9.34622.214
MinimumVisualStudioVersion = 10.0.40219.1
Project("{FAE04EC0-301F-11D3-BF4B-00C04F79EFBC}") = "ConsoleApp4", "ConsoleApp4\ConsoleApp4.csproj", "{5CCF4340-67EA-4B05-8134-E8EC1E07F7D7}"
EndProject
Global
	GlobalSection(SolutionConfigurationPlatforms) = preSolution
		Debug|Any CPU = Debug|Any CPU
		Release|Any CPU = Release|Any CPU
	EndGlobalSection
	GlobalSection(ProjectConfigurationPlatforms) = postSolution
		{5CCF4340-67EA-4B05-8134-E8EC1E07F7D7}.Debug|Any CPU.ActiveCfg = Debug|Any CPU
		{5CCF4340-67EA-4B05-8134-E8EC1E07F7D7}.Debug|Any CPU.Build.0 = Debug|Any CPU
		{5CCF4340-67EA-4B05-8134-E8EC1E07F7D7}.Release|Any CPU.ActiveCfg = Release|Any CPU
		{5CCF4340-67EA-4B05-8134-E8EC1E07F7D7}.Release|Any CPU.Build.0 = Release|Any CPU
	EndGlobalSection
	GlobalSection(SolutionProperties) = preSolution
		HideSolutionNode = FALSE
	EndGlobalSection
	GlobalSection(ExtensibilityGlobals) = postSolution
		SolutionGuid = {00F3544C-21D0-49C9-A32A-9C9A1A849167}
	EndGlobalSection
EndGlobal
